
Microsoft Visual Studio Solution File, Format Version 12.00
# Visual Studio 15
VisualStudioVersion = 15.0.28010.2048
MinimumVisualStudioVersion = 10.0.40219.1
Project("{FAE04EC0-301F-11D3-BF4B-00C04F79EFBC}") = "Checkpoint4", "Checkpoint4\Checkpoint4.csproj", "{E7A65D83-546D-49B0-9537-96A6B29D700C}"
EndProject
Global
	GlobalSection(SolutionConfigurationPlatforms) = preSolution
		Debug|Any CPU = Debug|Any CPU
		Release|Any CPU = Release|Any CPU
	EndGlobalSection
	GlobalSection(ProjectConfigurationPlatforms) = postSolution
		{E7A65D83-546D-49B0-9537-96A6B29D700C}.Debug|Any CPU.ActiveCfg = Debug|Any CPU
		{E7A65D83-546D-49B0-9537-96A6B29D700C}.Debug|Any CPU.Build.0 = Debug|Any CPU
		{E7A65D83-546D-49B0-9537-96A6B29D700C}.Release|Any CPU.ActiveCfg = Release|Any CPU
		{E7A65D83-546D-49B0-9537-96A6B29D700C}.Release|Any CPU.Build.0 = Release|Any CPU
	EndGlobalSection
	GlobalSection(SolutionProperties) = preSolution
		HideSolutionNode = FALSE
	EndGlobalSection
	GlobalSection(ExtensibilityGlobals) = postSolution
		SolutionGuid = {0A14A289-3804-46C7-AE3D-15526F46F051}
	EndGlobalSection
EndGlobal
